
Microsoft Visual Studio Solution File, Format Version 12.00
# Visual Studio 15
VisualStudioVersion = 15.0.27130.2024
MinimumVisualStudioVersion = 10.0.40219.1
Project("{F184B08F-C81C-45F6-A57F-5ABD9991F28F}") = "ViewEnvironment", "ViewEnvironment\ViewEnvironment.csproj", "{B29B307C-710A-4ABA-820C-89F943105CE2}"
EndProject
Project("{2150E333-8FDC-42A3-9474-1A3956D46DE8}") = "Solution Items", "Solution Items", "{7E8D2500-F0C8-4424-B25C-567B78C7CBBE}"
EndProject
Project("{FAE04EC0-301F-11D3-BF4B-00C04F79EFBC}") = "Dal", "Dal\Dal.csproj", "{502A4973-69F2-4D2E-B6AB-5EA6CC09A90E}"
EndProject
Global
	GlobalSection(SolutionConfigurationPlatforms) = preSolution
		Debug|Any CPU = Debug|Any CPU
		Release|Any CPU = Release|Any CPU
	EndGlobalSection
	GlobalSection(ProjectConfigurationPlatforms) = postSolution
		{B29B307C-710A-4ABA-820C-89F943105CE2}.Debug|Any CPU.ActiveCfg = Debug|Any CPU
		{B29B307C-710A-4ABA-820C-89F943105CE2}.Debug|Any CPU.Build.0 = Debug|Any CPU
		{B29B307C-710A-4ABA-820C-89F943105CE2}.Release|Any CPU.ActiveCfg = Release|Any CPU
		{B29B307C-710A-4ABA-820C-89F943105CE2}.Release|Any CPU.Build.0 = Release|Any CPU
		{502A4973-69F2-4D2E-B6AB-5EA6CC09A90E}.Debug|Any CPU.ActiveCfg = Debug|Any CPU
		{502A4973-69F2-4D2E-B6AB-5EA6CC09A90E}.Debug|Any CPU.Build.0 = Debug|Any CPU
		{502A4973-69F2-4D2E-B6AB-5EA6CC09A90E}.Release|Any CPU.ActiveCfg = Release|Any CPU
		{502A4973-69F2-4D2E-B6AB-5EA6CC09A90E}.Release|Any CPU.Build.0 = Release|Any CPU
	EndGlobalSection
	GlobalSection(SolutionProperties) = preSolution
		HideSolutionNode = FALSE
	EndGlobalSection
	GlobalSection(ExtensibilityGlobals) = postSolution
		SolutionGuid = {B80548FD-3D1D-4F84-8891-63A6818A737C}
	EndGlobalSection
EndGlobal
